
Microsoft Visual Studio Solution File, Format Version 12.00
Project("{FAE04EC0-301F-11D3-BF4B-00C04F79EFBC}") = "ConsoleTund1", "ConsoleTund1\ConsoleTund1.csproj", "{170B0593-C999-47BB-A9D8-819E43D74418}"
EndProject
Global
	GlobalSection(SolutionConfigurationPlatforms) = preSolution
		Debug|Any CPU = Debug|Any CPU
		Release|Any CPU = Release|Any CPU
	EndGlobalSection
	GlobalSection(ProjectConfigurationPlatforms) = postSolution
		{170B0593-C999-47BB-A9D8-819E43D74418}.Debug|Any CPU.ActiveCfg = Debug|Any CPU
		{170B0593-C999-47BB-A9D8-819E43D74418}.Debug|Any CPU.Build.0 = Debug|Any CPU
		{170B0593-C999-47BB-A9D8-819E43D74418}.Release|Any CPU.ActiveCfg = Release|Any CPU
		{170B0593-C999-47BB-A9D8-819E43D74418}.Release|Any CPU.Build.0 = Release|Any CPU
	EndGlobalSection
EndGlobal
